
Microsoft Visual Studio Solution File, Format Version 11.00
# Visual Studio 2010
Project("{FAE04EC0-301F-11D3-BF4B-00C04F79EFBC}") = "InstaSharpWindowsPhone", "InstaSharpWindowsPhone.csproj", "{7E9D5C99-5389-44B0-BDC2-1175A972D38C}"
EndProject
Global
	GlobalSection(SolutionConfigurationPlatforms) = preSolution
		Debug|Any CPU = Debug|Any CPU
		Release|Any CPU = Release|Any CPU
	EndGlobalSection
	GlobalSection(ProjectConfigurationPlatforms) = postSolution
		{7E9D5C99-5389-44B0-BDC2-1175A972D38C}.Debug|Any CPU.ActiveCfg = Debug|Any CPU
		{7E9D5C99-5389-44B0-BDC2-1175A972D38C}.Debug|Any CPU.Build.0 = Debug|Any CPU
		{7E9D5C99-5389-44B0-BDC2-1175A972D38C}.Release|Any CPU.ActiveCfg = Release|Any CPU
		{7E9D5C99-5389-44B0-BDC2-1175A972D38C}.Release|Any CPU.Build.0 = Release|Any CPU
	EndGlobalSection
	GlobalSection(SolutionProperties) = preSolution
		HideSolutionNode = FALSE
	EndGlobalSection
EndGlobal
